// !$*UTF8*$!
{
	archiveVersion = 1;
	classes = {
	};
	objectVersion = 46;
	objects = {

/* Begin PBXBuildFile section */
		C945AB9519694C07007DEE18 /* love_1.jpg in Resources */ = {isa = PBXBuildFile; fileRef = C945AB8D19694C07007DEE18 /* love_1.jpg */; };
		C945AB9619694C07007DEE18 /* love_2.jpg in Resources */ = {isa = PBXBuildFile; fileRef = C945AB8E19694C07007DEE18 /* love_2.jpg */; };
		C945AB9719694C07007DEE18 /* love_3.jpg in Resources */ = {isa = PBXBuildFile; fileRef = C945AB8F19694C07007DEE18 /* love_3.jpg */; };
		C945AB9819694C07007DEE18 /* love_4.jpg in Resources */ = {isa = PBXBuildFile; fileRef = C945AB9019694C07007DEE18 /* love_4.jpg */; };
		C945AB9919694C07007DEE18 /* love_5.jpg in Resources */ = {isa = PBXBuildFile; fileRef = C945AB9119694C07007DEE18 /* love_5.jpg */; };
		C945AB9A19694C07007DEE18 /* love_6.jpg in Resources */ = {isa = PBXBuildFile; fileRef = C945AB9219694C07007DEE18 /* love_6.jpg */; };
		C945AB9B19694C07007DEE18 /* love_7.jpg in Resources */ = {isa = PBXBuildFile; fileRef = C945AB9319694C07007DEE18 /* love_7.jpg */; };
		C945AB9C19694C07007DEE18 /* love_8.jpg in Resources */ = {isa = PBXBuildFile; fileRef = C945AB9419694C07007DEE18 /* love_8.jpg */; };
		C945ABA019694F07007DEE18 /* Animation.m in Sources */ = {isa = PBXBuildFile; fileRef = C945AB9F19694F07007DEE18 /* Animation.m */; };
		C9A1A51B195167DB009D91FF /* Foundation.framework in Frameworks */ = {isa = PBXBuildFile; fileRef = C9A1A51A195167DB009D91FF /* Foundation.framework */; };
		C9A1A51D195167DB009D91FF /* CoreGraphics.framework in Frameworks */ = {isa = PBXBuildFile; fileRef = C9A1A51C195167DB009D91FF /* CoreGraphics.framework */; };
		C9A1A51F195167DB009D91FF /* UIKit.framework in Frameworks */ = {isa = PBXBuildFile; fileRef = C9A1A51E195167DB009D91FF /* UIKit.framework */; };
		C9A1A525195167DB009D91FF /* InfoPlist.strings in Resources */ = {isa = PBXBuildFile; fileRef = C9A1A523195167DB009D91FF /* InfoPlist.strings */; };
		C9A1A527195167DB009D91FF /* main.m in Sources */ = {isa = PBXBuildFile; fileRef = C9A1A526195167DB009D91FF /* main.m */; };
		C9A1A52B195167DB009D91FF /* AppDelegate.m in Sources */ = {isa = PBXBuildFile; fileRef = C9A1A52A195167DB009D91FF /* AppDelegate.m */; };
		C9A1A52E195167DB009D91FF /* Main.storyboard in Resources */ = {isa = PBXBuildFile; fileRef = C9A1A52C195167DB009D91FF /* Main.storyboard */; };
		C9A1A531195167DB009D91FF /* ViewController.m in Sources */ = {isa = PBXBuildFile; fileRef = C9A1A530195167DB009D91FF /* ViewController.m */; };
		C9A1A533195167DB009D91FF /* Images.xcassets in Resources */ = {isa = PBXBuildFile; fileRef = C9A1A532195167DB009D91FF /* Images.xcassets */; };
		C9A1A53A195167DB009D91FF /* XCTest.framework in Frameworks */ = {isa = PBXBuildFile; fileRef = C9A1A539195167DB009D91FF /* XCTest.framework */; };
		C9A1A53B195167DB009D91FF /* Foundation.framework in Frameworks */ = {isa = PBXBuildFile; fileRef = C9A1A51A195167DB009D91FF /* Foundation.framework */; };
		C9A1A53C195167DB009D91FF /* UIKit.framework in Frameworks */ = {isa = PBXBuildFile; fileRef = C9A1A51E195167DB009D91FF /* UIKit.framework */; };
		C9A1A544195167DB009D91FF /* InfoPlist.strings in Resources */ = {isa = PBXBuildFile; fileRef = C9A1A542195167DB009D91FF /* InfoPlist.strings */; };
		C9A1A546195167DB009D91FF /* JHTimeTests.m in Sources */ = {isa = PBXBuildFile; fileRef = C9A1A545195167DB009D91FF /* JHTimeTests.m */; };
		C9A1A55219516F0A009D91FF /* CUSFlashLabel.m in Sources */ = {isa = PBXBuildFile; fileRef = C9A1A55119516F0A009D91FF /* CUSFlashLabel.m */; };
		C9A1A55519517620009D91FF /* AVFoundation.framework in Frameworks */ = {isa = PBXBuildFile; fileRef = C9A1A55419517620009D91FF /* AVFoundation.framework */; };
		C9A1A55A1951842E009D91FF /* audio.mp3 in Resources */ = {isa = PBXBuildFile; fileRef = C9A1A5591951842E009D91FF /* audio.mp3 */; };
		C9D0059A1A3D83E5000EDC82 /* Launch Screen.xib in Resources */ = {isa = PBXBuildFile; fileRef = C9D005991A3D83E5000EDC82 /* Launch Screen.xib */; };
/* End PBXBuildFile section */

/* Begin PBXContainerItemProxy section */
		C9A1A53D195167DB009D91FF /* PBXContainerItemProxy */ = {
			isa = PBXContainerItemProxy;
			containerPortal = C9A1A50F195167DA009D91FF /* Project object */;
			proxyType = 1;
			remoteGlobalIDString = C9A1A516195167DA009D91FF;
			remoteInfo = JHTime;
		};
/* End PBXContainerItemProxy section */

/* Begin PBXFileReference section */
		C945AB8D19694C07007DEE18 /* love_1.jpg */ = {isa = PBXFileReference; lastKnownFileType = image.jpeg; path = love_1.jpg; sourceTree = "<group>"; };
		C945AB8E19694C07007DEE18 /* love_2.jpg */ = {isa = PBXFileReference; lastKnownFileType = image.jpeg; path = love_2.jpg; sourceTree = "<group>"; };
		C945AB8F19694C07007DEE18 /* love_3.jpg */ = {isa = PBXFileReference; lastKnownFileType = image.jpeg; path = love_3.jpg; sourceTree = "<group>"; };
		C945AB9019694C07007DEE18 /* love_4.jpg */ = {isa = PBXFileReference; lastKnownFileType = image.jpeg; path = love_4.jpg; sourceTree = "<group>"; };
		C945AB9119694C07007DEE18 /* love_5.jpg */ = {isa = PBXFileReference; lastKnownFileType = image.jpeg; path = love_5.jpg; sourceTree = "<group>"; };
		C945AB9219694C07007DEE18 /* love_6.jpg */ = {isa = PBXFileReference; lastKnownFileType = image.jpeg; path = love_6.jpg; sourceTree = "<group>"; };
		C945AB9319694C07007DEE18 /* love_7.jpg */ = {isa = PBXFileReference; lastKnownFileType = image.jpeg; path = love_7.jpg; sourceTree = "<group>"; };
		C945AB9419694C07007DEE18 /* love_8.jpg */ = {isa = PBXFileReference; lastKnownFileType = image.jpeg; path = love_8.jpg; sourceTree = "<group>"; };
		C945AB9E19694F07007DEE18 /* Animation.h */ = {isa = PBXFileReference; fileEncoding = 4; lastKnownFileType = sourcecode.c.h; path = Animation.h; sourceTree = "<group>"; };
		C945AB9F19694F07007DEE18 /* Animation.m */ = {isa = PBXFileReference; fileEncoding = 4; lastKnownFileType = sourcecode.c.objc; path = Animation.m; sourceTree = "<group>"; };
		C9A1A517195167DB009D91FF /* JHTime.app */ = {isa = PBXFileReference; explicitFileType = wrapper.application; includeInIndex = 0; path = JHTime.app; sourceTree = BUILT_PRODUCTS_DIR; };
		C9A1A51A195167DB009D91FF /* Foundation.framework */ = {isa = PBXFileReference; lastKnownFileType = wrapper.framework; name = Foundation.framework; path = System/Library/Frameworks/Foundation.framework; sourceTree = SDKROOT; };
		C9A1A51C195167DB009D91FF /* CoreGraphics.framework */ = {isa = PBXFileReference; lastKnownFileType = wrapper.framework; name = CoreGraphics.framework; path = System/Library/Frameworks/CoreGraphics.framework; sourceTree = SDKROOT; };
		C9A1A51E195167DB009D91FF /* UIKit.framework */ = {isa = PBXFileReference; lastKnownFileType = wrapper.framework; name = UIKit.framework; path = System/Library/Frameworks/UIKit.framework; sourceTree = SDKROOT; };
		C9A1A522195167DB009D91FF /* JHTime-Info.plist */ = {isa = PBXFileReference; lastKnownFileType = text.plist.xml; path = "JHTime-Info.plist"; sourceTree = "<group>"; };
		C9A1A524195167DB009D91FF /* en */ = {isa = PBXFileReference; lastKnownFileType = text.plist.strings; name = en; path = en.lproj/InfoPlist.strings; sourceTree = "<group>"; };
		C9A1A526195167DB009D91FF /* main.m */ = {isa = PBXFileReference; lastKnownFileType = sourcecode.c.objc; path = main.m; sourceTree = "<group>"; };
		C9A1A528195167DB009D91FF /* JHTime-Prefix.pch */ = {isa = PBXFileReference; lastKnownFileType = sourcecode.c.h; path = "JHTime-Prefix.pch"; sourceTree = "<group>"; };
		C9A1A529195167DB009D91FF /* AppDelegate.h */ = {isa = PBXFileReference; lastKnownFileType = sourcecode.c.h; path = AppDelegate.h; sourceTree = "<group>"; };
		C9A1A52A195167DB009D91FF /* AppDelegate.m */ = {isa = PBXFileReference; lastKnownFileType = sourcecode.c.objc; path = AppDelegate.m; sourceTree = "<group>"; };
		C9A1A52D195167DB009D91FF /* Base */ = {isa = PBXFileReference; lastKnownFileType = file.storyboard; name = Base; path = Base.lproj/Main.storyboard; sourceTree = "<group>"; };
		C9A1A52F195167DB009D91FF /* ViewController.h */ = {isa = PBXFileReference; lastKnownFileType = sourcecode.c.h; path = ViewController.h; sourceTree = "<group>"; };
		C9A1A530195167DB009D91FF /* ViewController.m */ = {isa = PBXFileReference; lastKnownFileType = sourcecode.c.objc; path = ViewController.m; sourceTree = "<group>"; };
		C9A1A532195167DB009D91FF /* Images.xcassets */ = {isa = PBXFileReference; lastKnownFileType = folder.assetcatalog; path = Images.xcassets; sourceTree = "<group>"; };
		C9A1A538195167DB009D91FF /* JHTimeTests.xctest */ = {isa = PBXFileReference; explicitFileType = wrapper.cfbundle; includeInIndex = 0; path = JHTimeTests.xctest; sourceTree = BUILT_PRODUCTS_DIR; };
		C9A1A539195167DB009D91FF /* XCTest.framework */ = {isa = PBXFileReference; lastKnownFileType = wrapper.framework; name = XCTest.framework; path = Library/Frameworks/XCTest.framework; sourceTree = DEVELOPER_DIR; };
		C9A1A541195167DB009D91FF /* JHTimeTests-Info.plist */ = {isa = PBXFileReference; lastKnownFileType = text.plist.xml; path = "JHTimeTests-Info.plist"; sourceTree = "<group>"; };
		C9A1A543195167DB009D91FF /* en */ = {isa = PBXFileReference; lastKnownFileType = text.plist.strings; name = en; path = en.lproj/InfoPlist.strings; sourceTree = "<group>"; };
		C9A1A545195167DB009D91FF /* JHTimeTests.m */ = {isa = PBXFileReference; lastKnownFileType = sourcecode.c.objc; path = JHTimeTests.m; sourceTree = "<group>"; };
		C9A1A55019516F0A009D91FF /* CUSFlashLabel.h */ = {isa = PBXFileReference; fileEncoding = 4; lastKnownFileType = sourcecode.c.h; path = CUSFlashLabel.h; sourceTree = "<group>"; };
		C9A1A55119516F0A009D91FF /* CUSFlashLabel.m */ = {isa = PBXFileReference; fileEncoding = 4; lastKnownFileType = sourcecode.c.objc; path = CUSFlashLabel.m; sourceTree = "<group>"; };
		C9A1A55419517620009D91FF /* AVFoundation.framework */ = {isa = PBXFileReference; lastKnownFileType = wrapper.framework; name = AVFoundation.framework; path = System/Library/Frameworks/AVFoundation.framework; sourceTree = SDKROOT; };
		C9A1A5591951842E009D91FF /* audio.mp3 */ = {isa = PBXFileReference; lastKnownFileType = audio.mp3; path = audio.mp3; sourceTree = "<group>"; };
		C9D005991A3D83E5000EDC82 /* Launch Screen.xib */ = {isa = PBXFileReference; fileEncoding = 4; lastKnownFileType = file.xib; path = "Launch Screen.xib"; sourceTree = "<group>"; };
/* End PBXFileReference section */

/* Begin PBXFrameworksBuildPhase section */
		C9A1A514195167DA009D91FF /* Frameworks */ = {
			isa = PBXFrameworksBuildPhase;
			buildActionMask = 2147483647;
			files = (
				C9A1A55519517620009D91FF /* AVFoundation.framework in Frameworks */,
				C9A1A51D195167DB009D91FF /* CoreGraphics.framework in Frameworks */,
				C9A1A51F195167DB009D91FF /* UIKit.framework in Frameworks */,
				C9A1A51B195167DB009D91FF /* Foundation.framework in Frameworks */,
			);
			runOnlyForDeploymentPostprocessing = 0;
		};
		C9A1A535195167DB009D91FF /* Frameworks */ = {
			isa = PBXFrameworksBuildPhase;
			buildActionMask = 2147483647;
			files = (
				C9A1A53A195167DB009D91FF /* XCTest.framework in Frameworks */,
				C9A1A53C195167DB009D91FF /* UIKit.framework in Frameworks */,
				C9A1A53B195167DB009D91FF /* Foundation.framework in Frameworks */,
			);
			runOnlyForDeploymentPostprocessing = 0;
		};
/* End PBXFrameworksBuildPhase section */

/* Begin PBXGroup section */
		C945AB8C19694C07007DEE18 /* love_image */ = {
			isa = PBXGroup;
			children = (
				C945AB8D19694C07007DEE18 /* love_1.jpg */,
				C945AB8E19694C07007DEE18 /* love_2.jpg */,
				C945AB8F19694C07007DEE18 /* love_3.jpg */,
				C945AB9019694C07007DEE18 /* love_4.jpg */,
				C945AB9119694C07007DEE18 /* love_5.jpg */,
				C945AB9219694C07007DEE18 /* love_6.jpg */,
				C945AB9319694C07007DEE18 /* love_7.jpg */,
				C945AB9419694C07007DEE18 /* love_8.jpg */,
			);
			path = love_image;
			sourceTree = "<group>";
		};
		C945AB9D19694F07007DEE18 /* Animation */ = {
			isa = PBXGroup;
			children = (
				C945AB9E19694F07007DEE18 /* Animation.h */,
				C945AB9F19694F07007DEE18 /* Animation.m */,
			);
			path = Animation;
			sourceTree = "<group>";
		};
		C9A1A50E195167DA009D91FF = {
			isa = PBXGroup;
			children = (
				C9A1A520195167DB009D91FF /* JHTime */,
				C9A1A53F195167DB009D91FF /* JHTimeTests */,
				C9A1A519195167DB009D91FF /* Frameworks */,
				C9A1A518195167DB009D91FF /* Products */,
			);
			sourceTree = "<group>";
		};
		C9A1A518195167DB009D91FF /* Products */ = {
			isa = PBXGroup;
			children = (
				C9A1A517195167DB009D91FF /* JHTime.app */,
				C9A1A538195167DB009D91FF /* JHTimeTests.xctest */,
			);
			name = Products;
			sourceTree = "<group>";
		};
		C9A1A519195167DB009D91FF /* Frameworks */ = {
			isa = PBXGroup;
			children = (
				C9A1A55419517620009D91FF /* AVFoundation.framework */,
				C9A1A51A195167DB009D91FF /* Foundation.framework */,
				C9A1A51C195167DB009D91FF /* CoreGraphics.framework */,
				C9A1A51E195167DB009D91FF /* UIKit.framework */,
				C9A1A539195167DB009D91FF /* XCTest.framework */,
			);
			name = Frameworks;
			sourceTree = "<group>";
		};
		C9A1A520195167DB009D91FF /* JHTime */ = {
			isa = PBXGroup;
			children = (
				C945AB9D19694F07007DEE18 /* Animation */,
				C945AB8C19694C07007DEE18 /* love_image */,
				C9A1A5591951842E009D91FF /* audio.mp3 */,
				C9A1A54F19516F0A009D91FF /* CUSMaskView */,
				C9A1A529195167DB009D91FF /* AppDelegate.h */,
				C9A1A52A195167DB009D91FF /* AppDelegate.m */,
				C9A1A52C195167DB009D91FF /* Main.storyboard */,
				C9A1A52F195167DB009D91FF /* ViewController.h */,
				C9A1A530195167DB009D91FF /* ViewController.m */,
				C9A1A532195167DB009D91FF /* Images.xcassets */,
				C9A1A521195167DB009D91FF /* Supporting Files */,
				C9D005991A3D83E5000EDC82 /* Launch Screen.xib */,
			);
			path = JHTime;
			sourceTree = "<group>";
		};
		C9A1A521195167DB009D91FF /* Supporting Files */ = {
			isa = PBXGroup;
			children = (
				C9A1A522195167DB009D91FF /* JHTime-Info.plist */,
				C9A1A523195167DB009D91FF /* InfoPlist.strings */,
				C9A1A526195167DB009D91FF /* main.m */,
				C9A1A528195167DB009D91FF /* JHTime-Prefix.pch */,
			);
			name = "Supporting Files";
			sourceTree = "<group>";
		};
		C9A1A53F195167DB009D91FF /* JHTimeTests */ = {
			isa = PBXGroup;
			children = (
				C9A1A545195167DB009D91FF /* JHTimeTests.m */,
				C9A1A540195167DB009D91FF /* Supporting Files */,
			);
			path = JHTimeTests;
			sourceTree = "<group>";
		};
		C9A1A540195167DB009D91FF /* Supporting Files */ = {
			isa = PBXGroup;
			children = (
				C9A1A541195167DB009D91FF /* JHTimeTests-Info.plist */,
				C9A1A542195167DB009D91FF /* InfoPlist.strings */,
			);
			name = "Supporting Files";
			sourceTree = "<group>";
		};
		C9A1A54F19516F0A009D91FF /* CUSMaskView */ = {
			isa = PBXGroup;
			children = (
				C9A1A55019516F0A009D91FF /* CUSFlashLabel.h */,
				C9A1A55119516F0A009D91FF /* CUSFlashLabel.m */,
			);
			path = CUSMaskView;
			sourceTree = "<group>";
		};
/* End PBXGroup section */

/* Begin PBXNativeTarget section */
		C9A1A516195167DA009D91FF /* JHTime */ = {
			isa = PBXNativeTarget;
			buildConfigurationList = C9A1A549195167DB009D91FF /* Build configuration list for PBXNativeTarget "JHTime" */;
			buildPhases = (
				C9A1A513195167DA009D91FF /* Sources */,
				C9A1A514195167DA009D91FF /* Frameworks */,
				C9A1A515195167DA009D91FF /* Resources */,
			);
			buildRules = (
			);
			dependencies = (
			);
			name = JHTime;
			productName = JHTime;
			productReference = C9A1A517195167DB009D91FF /* JHTime.app */;
			productType = "com.apple.product-type.application";
		};
		C9A1A537195167DB009D91FF /* JHTimeTests */ = {
			isa = PBXNativeTarget;
			buildConfigurationList = C9A1A54C195167DB009D91FF /* Build configuration list for PBXNativeTarget "JHTimeTests" */;
			buildPhases = (
				C9A1A534195167DB009D91FF /* Sources */,
				C9A1A535195167DB009D91FF /* Frameworks */,
				C9A1A536195167DB009D91FF /* Resources */,
			);
			buildRules = (
			);
			dependencies = (
				C9A1A53E195167DB009D91FF /* PBXTargetDependency */,
			);
			name = JHTimeTests;
			productName = JHTimeTests;
			productReference = C9A1A538195167DB009D91FF /* JHTimeTests.xctest */;
			productType = "com.apple.product-type.bundle.unit-test";
		};
/* End PBXNativeTarget section */

/* Begin PBXProject section */
		C9A1A50F195167DA009D91FF /* Project object */ = {
			isa = PBXProject;
			attributes = {
				LastUpgradeCheck = 0510;
				ORGANIZATIONNAME = Hai;
				TargetAttributes = {
					C9A1A537195167DB009D91FF = {
						TestTargetID = C9A1A516195167DA009D91FF;
					};
				};
			};
			buildConfigurationList = C9A1A512195167DA009D91FF /* Build configuration list for PBXProject "JHTime" */;
			compatibilityVersion = "Xcode 3.2";
			developmentRegion = English;
			hasScannedForEncodings = 0;
			knownRegions = (
				en,
				Base,
			);
			mainGroup = C9A1A50E195167DA009D91FF;
			productRefGroup = C9A1A518195167DB009D91FF /* Products */;
			projectDirPath = "";
			projectRoot = "";
			targets = (
				C9A1A516195167DA009D91FF /* JHTime */,
				C9A1A537195167DB009D91FF /* JHTimeTests */,
			);
		};
/* End PBXProject section */

/* Begin PBXResourcesBuildPhase section */
		C9A1A515195167DA009D91FF /* Resources */ = {
			isa = PBXResourcesBuildPhase;
			buildActionMask = 2147483647;
			files = (
				C9A1A533195167DB009D91FF /* Images.xcassets in Resources */,
				C945AB9519694C07007DEE18 /* love_1.jpg in Resources */,
				C945AB9C19694C07007DEE18 /* love_8.jpg in Resources */,
				C945AB9819694C07007DEE18 /* love_4.jpg in Resources */,
				C945AB9619694C07007DEE18 /* love_2.jpg in Resources */,
				C945AB9719694C07007DEE18 /* love_3.jpg in Resources */,
				C945AB9B19694C07007DEE18 /* love_7.jpg in Resources */,
				C945AB9919694C07007DEE18 /* love_5.jpg in Resources */,
				C945AB9A19694C07007DEE18 /* love_6.jpg in Resources */,
				C9D0059A1A3D83E5000EDC82 /* Launch Screen.xib in Resources */,
				C9A1A55A1951842E009D91FF /* audio.mp3 in Resources */,
				C9A1A525195167DB009D91FF /* InfoPlist.strings in Resources */,
				C9A1A52E195167DB009D91FF /* Main.storyboard in Resources */,
			);
			runOnlyForDeploymentPostprocessing = 0;
		};
		C9A1A536195167DB009D91FF /* Resources */ = {
			isa = PBXResourcesBuildPhase;
			buildActionMask = 2147483647;
			files = (
				C9A1A544195167DB009D91FF /* InfoPlist.strings in Resources */,
			);
			runOnlyForDeploymentPostprocessing = 0;
		};
/* End PBXResourcesBuildPhase section */

/* Begin PBXSourcesBuildPhase section */
		C9A1A513195167DA009D91FF /* Sources */ = {
			isa = PBXSourcesBuildPhase;
			buildActionMask = 2147483647;
			files = (
				C945ABA019694F07007DEE18 /* Animation.m in Sources */,
				C9A1A531195167DB009D91FF /* ViewController.m in Sources */,
				C9A1A52B195167DB009D91FF /* AppDelegate.m in Sources */,
				C9A1A527195167DB009D91FF /* main.m in Sources */,
				C9A1A55219516F0A009D91FF /* CUSFlashLabel.m in Sources */,
			);
			runOnlyForDeploymentPostprocessing = 0;
		};
		C9A1A534195167DB009D91FF /* Sources */ = {
			isa = PBXSourcesBuildPhase;
			buildActionMask = 2147483647;
			files = (
				C9A1A546195167DB009D91FF /* JHTimeTests.m in Sources */,
			);
			runOnlyForDeploymentPostprocessing = 0;
		};
/* End PBXSourcesBuildPhase section */

/* Begin PBXTargetDependency section */
		C9A1A53E195167DB009D91FF /* PBXTargetDependency */ = {
			isa = PBXTargetDependency;
			target = C9A1A516195167DA009D91FF /* JHTime */;
			targetProxy = C9A1A53D195167DB009D91FF /* PBXContainerItemProxy */;
		};
/* End PBXTargetDependency section */

/* Begin PBXVariantGroup section */
		C9A1A523195167DB009D91FF /* InfoPlist.strings */ = {
			isa = PBXVariantGroup;
			children = (
				C9A1A524195167DB009D91FF /* en */,
			);
			name = InfoPlist.strings;
			sourceTree = "<group>";
		};
		C9A1A52C195167DB009D91FF /* Main.storyboard */ = {
			isa = PBXVariantGroup;
			children = (
				C9A1A52D195167DB009D91FF /* Base */,
			);
			name = Main.storyboard;
			sourceTree = "<group>";
		};
		C9A1A542195167DB009D91FF /* InfoPlist.strings */ = {
			isa = PBXVariantGroup;
			children = (
				C9A1A543195167DB009D91FF /* en */,
			);
			name = InfoPlist.strings;
			sourceTree = "<group>";
		};
/* End PBXVariantGroup section */

/* Begin XCBuildConfiguration section */
		C9A1A547195167DB009D91FF /* Debug */ = {
			isa = XCBuildConfiguration;
			buildSettings = {
				ALWAYS_SEARCH_USER_PATHS = NO;
				CLANG_CXX_LANGUAGE_STANDARD = "gnu++0x";
				CLANG_CXX_LIBRARY = "libc++";
				CLANG_ENABLE_MODULES = YES;
				CLANG_ENABLE_OBJC_ARC = YES;
				CLANG_WARN_BOOL_CONVERSION = YES;
				CLANG_WARN_CONSTANT_CONVERSION = YES;
				CLANG_WARN_DIRECT_OBJC_ISA_USAGE = YES_ERROR;
				CLANG_WARN_EMPTY_BODY = YES;
				CLANG_WARN_ENUM_CONVERSION = YES;
				CLANG_WARN_INT_CONVERSION = YES;
				CLANG_WARN_OBJC_ROOT_CLASS = YES_ERROR;
				CLANG_WARN__DUPLICATE_METHOD_MATCH = YES;
				"CODE_SIGN_IDENTITY[sdk=iphoneos*]" = "iPhone Developer";
				COPY_PHASE_STRIP = NO;
				GCC_C_LANGUAGE_STANDARD = gnu99;
				GCC_DYNAMIC_NO_PIC = NO;
				GCC_OPTIMIZATION_LEVEL = 0;
				GCC_PREPROCESSOR_DEFINITIONS = (
					"DEBUG=1",
					"$(inherited)",
				);
				GCC_SYMBOLS_PRIVATE_EXTERN = NO;
				GCC_WARN_64_TO_32_BIT_CONVERSION = YES;
				GCC_WARN_ABOUT_RETURN_TYPE = YES_ERROR;
				GCC_WARN_UNDECLARED_SELECTOR = YES;
				GCC_WARN_UNINITIALIZED_AUTOS = YES_AGGRESSIVE;
				GCC_WARN_UNUSED_FUNCTION = YES;
				GCC_WARN_UNUSED_VARIABLE = YES;
				IPHONEOS_DEPLOYMENT_TARGET = 7.1;
				ONLY_ACTIVE_ARCH = YES;
				SDKROOT = iphoneos;
			};
			name = Debug;
		};
		C9A1A548195167DB009D91FF /* Release */ = {
			isa = XCBuildConfiguration;
			buildSettings = {
				ALWAYS_SEARCH_USER_PATHS = NO;
				CLANG_CXX_LANGUAGE_STANDARD = "gnu++0x";
				CLANG_CXX_LIBRARY = "libc++";
				CLANG_ENABLE_MODULES = YES;
				CLANG_ENABLE_OBJC_ARC = YES;
				CLANG_WARN_BOOL_CONVERSION = YES;
				CLANG_WARN_CONSTANT_CONVERSION = YES;
				CLANG_WARN_DIRECT_OBJC_ISA_USAGE = YES_ERROR;
				CLANG_WARN_EMPTY_BODY = YES;
				CLANG_WARN_ENUM_CONVERSION = YES;
				CLANG_WARN_INT_CONVERSION = YES;
				CLANG_WARN_OBJC_ROOT_CLASS = YES_ERROR;
				CLANG_WARN__DUPLICATE_METHOD_MATCH = YES;
				"CODE_SIGN_IDENTITY[sdk=iphoneos*]" = "iPhone Developer";
				COPY_PHASE_STRIP = YES;
				ENABLE_NS_ASSERTIONS = NO;
				GCC_C_LANGUAGE_STANDARD = gnu99;
				GCC_WARN_64_TO_32_BIT_CONVERSION = YES;
				GCC_WARN_ABOUT_RETURN_TYPE = YES_ERROR;
				GCC_WARN_UNDECLARED_SELECTOR = YES;
				GCC_WARN_UNINITIALIZED_AUTOS = YES_AGGRESSIVE;
				GCC_WARN_UNUSED_FUNCTION = YES;
				GCC_WARN_UNUSED_VARIABLE = YES;
				IPHONEOS_DEPLOYMENT_TARGET = 7.1;
				SDKROOT = iphoneos;
				VALIDATE_PRODUCT = YES;
			};
			name = Release;
		};
		C9A1A54A195167DB009D91FF /* Debug */ = {
			isa = XCBuildConfiguration;
			buildSettings = {
				ASSETCATALOG_COMPILER_APPICON_NAME = AppIcon;
				ASSETCATALOG_COMPILER_LAUNCHIMAGE_NAME = LaunchImage;
				GCC_PRECOMPILE_PREFIX_HEADER = YES;
				GCC_PREFIX_HEADER = "JHTime/JHTime-Prefix.pch";
				INFOPLIST_FILE = "JHTime/JHTime-Info.plist";
				PRODUCT_NAME = "$(TARGET_NAME)";
				WRAPPER_EXTENSION = app;
			};
			name = Debug;
		};
		C9A1A54B195167DB009D91FF /* Release */ = {
			isa = XCBuildConfiguration;
			buildSettings = {
				ASSETCATALOG_COMPILER_APPICON_NAME = AppIcon;
				ASSETCATALOG_COMPILER_LAUNCHIMAGE_NAME = LaunchImage;
				GCC_PRECOMPILE_PREFIX_HEADER = YES;
				GCC_PREFIX_HEADER = "JHTime/JHTime-Prefix.pch";
				INFOPLIST_FILE = "JHTime/JHTime-Info.plist";
				PRODUCT_NAME = "$(TARGET_NAME)";
				WRAPPER_EXTENSION = app;
			};
			name = Release;
		};
		C9A1A54D195167DB009D91FF /* Debug */ = {
			isa = XCBuildConfiguration;
			buildSettings = {
				BUNDLE_LOADER = "$(BUILT_PRODUCTS_DIR)/JHTime.app/JHTime";
				FRAMEWORK_SEARCH_PATHS = (
					"$(SDKROOT)/Developer/Library/Frameworks",
					"$(inherited)",
					"$(DEVELOPER_FRAMEWORKS_DIR)",
				);
				GCC_PRECOMPILE_PREFIX_HEADER = YES;
				GCC_PREFIX_HEADER = "JHTime/JHTime-Prefix.pch";
				GCC_PREPROCESSOR_DEFINITIONS = (
					"DEBUG=1",
					"$(inherited)",
				);
				INFOPLIST_FILE = "JHTimeTests/JHTimeTests-Info.plist";
				PRODUCT_NAME = "$(TARGET_NAME)";
				TEST_HOST = "$(BUNDLE_LOADER)";
				WRAPPER_EXTENSION = xctest;
			};
			name = Debug;
		};
		C9A1A54E195167DB009D91FF /* Release */ = {
			isa = XCBuildConfiguration;
			buildSettings = {
				BUNDLE_LOADER = "$(BUILT_PRODUCTS_DIR)/JHTime.app/JHTime";
				FRAMEWORK_SEARCH_PATHS = (
					"$(SDKROOT)/Developer/Library/Frameworks",
					"$(inherited)",
					"$(DEVELOPER_FRAMEWORKS_DIR)",
				);
				GCC_PRECOMPILE_PREFIX_HEADER = YES;
				GCC_PREFIX_HEADER = "JHTime/JHTime-Prefix.pch";
				INFOPLIST_FILE = "JHTimeTests/JHTimeTests-Info.plist";
				PRODUCT_NAME = "$(TARGET_NAME)";
				TEST_HOST = "$(BUNDLE_LOADER)";
				WRAPPER_EXTENSION = xctest;
			};
			name = Release;
		};
/* End XCBuildConfiguration section */

/* Begin XCConfigurationList section */
		C9A1A512195167DA009D91FF /* Build configuration list for PBXProject "JHTime" */ = {
			isa = XCConfigurationList;
			buildConfigurations = (
				C9A1A547195167DB009D91FF /* Debug */,
				C9A1A548195167DB009D91FF /* Release */,
			);
			defaultConfigurationIsVisible = 0;
			defaultConfigurationName = Release;
		};
		C9A1A549195167DB009D91FF /* Build configuration list for PBXNativeTarget "JHTime" */ = {
			isa = XCConfigurationList;
			buildConfigurations = (
				C9A1A54A195167DB009D91FF /* Debug */,
				C9A1A54B195167DB009D91FF /* Release */,
			);
			defaultConfigurationIsVisible = 0;
			defaultConfigurationName = Release;
		};
		C9A1A54C195167DB009D91FF /* Build configuration list for PBXNativeTarget "JHTimeTests" */ = {
			isa = XCConfigurationList;
			buildConfigurations = (
				C9A1A54D195167DB009D91FF /* Debug */,
				C9A1A54E195167DB009D91FF /* Release */,
			);
			defaultConfigurationIsVisible = 0;
			defaultConfigurationName = Release;
		};
/* End XCConfigurationList section */
	};
	rootObject = C9A1A50F195167DA009D91FF /* Project object */;
}
